
Microsoft Visual Studio Solution File, Format Version 11.00
# Visual Studio 2010
Project("{FAE04EC0-301F-11D3-BF4B-00C04F79EFBC}") = "TODOList", "TODOList\TODOList.csproj", "{93F5F88E-0AC2-4BEC-B278-A29971CDD978}"
EndProject
Global
	GlobalSection(SolutionConfigurationPlatforms) = preSolution
		Debug|Any CPU = Debug|Any CPU
		Release|Any CPU = Release|Any CPU
	EndGlobalSection
	GlobalSection(ProjectConfigurationPlatforms) = postSolution
		{93F5F88E-0AC2-4BEC-B278-A29971CDD978}.Debug|Any CPU.ActiveCfg = Debug|Any CPU
		{93F5F88E-0AC2-4BEC-B278-A29971CDD978}.Debug|Any CPU.Build.0 = Debug|Any CPU
		{93F5F88E-0AC2-4BEC-B278-A29971CDD978}.Release|Any CPU.ActiveCfg = Release|Any CPU
		{93F5F88E-0AC2-4BEC-B278-A29971CDD978}.Release|Any CPU.Build.0 = Release|Any CPU
	EndGlobalSection
	GlobalSection(SolutionProperties) = preSolution
		HideSolutionNode = FALSE
	EndGlobalSection
EndGlobal
